
Microsoft Visual Studio Solution File, Format Version 12.00
# Visual Studio Version 16
VisualStudioVersion = 16.0.29009.5
MinimumVisualStudioVersion = 10.0.40219.1
Project("{FAE04EC0-301F-11D3-BF4B-00C04F79EFBC}") = "HelpDeskTCC", "HelpDeskTCC.csproj", "{FE131197-D235-40E0-88CC-A9120C4080EF}"
EndProject
Global
	GlobalSection(SolutionConfigurationPlatforms) = preSolution
		Debug|Any CPU = Debug|Any CPU
		Release|Any CPU = Release|Any CPU
	EndGlobalSection
	GlobalSection(ProjectConfigurationPlatforms) = postSolution
		{FE131197-D235-40E0-88CC-A9120C4080EF}.Debug|Any CPU.ActiveCfg = Debug|Any CPU
		{FE131197-D235-40E0-88CC-A9120C4080EF}.Debug|Any CPU.Build.0 = Debug|Any CPU
		{FE131197-D235-40E0-88CC-A9120C4080EF}.Release|Any CPU.ActiveCfg = Release|Any CPU
		{FE131197-D235-40E0-88CC-A9120C4080EF}.Release|Any CPU.Build.0 = Release|Any CPU
	EndGlobalSection
	GlobalSection(SolutionProperties) = preSolution
		HideSolutionNode = FALSE
	EndGlobalSection
	GlobalSection(ExtensibilityGlobals) = postSolution
		SolutionGuid = {211E5C1B-74C8-44D1-9BF1-0949CBD07A14}
	EndGlobalSection
EndGlobal
